dependencies:
  espressif/cjson:
    component_hash: 9372811fb197926f522c467627cf4a8e72b681e0366e17879631da801103aef3
    dependencies:
    - name: idf
      require: private
      version: '>=5.0'
    source:
      registry_url: https://components.espressif.com/
      type: service
    version: 1.7.19
  idf:
    source:
      type: idf
    version: 6.0.2
direct_dependencies:
- espressif/cjson
manifest_hash: 3b710c7e3b91d10504dd72dca3cb6c179845dba15cab53b0a67dd4de7d6e7587
target: esp32
version: 3.0.0
